{"is_source_file": false, "format": "", "description": "", "external_files": [], "external_methods": [], "published": [], "classes": [], "methods": [], "calls": [], "search-terms": [], "state": 2, "file_id": 2, "knowledge_revision": 21, "git_revision": "cdf9f087b3b08bfcd7387be0644782a66ff86c33", "hash": "99df98514ab5c4151404055621c51866", "format-version": 4, "code-base-name": "default", "filename": "cyberrecon_suite/post_process_status.lock", "revision_history": [{"21": "cdf9f087b3b08bfcd7387be0644782a66ff86c33"}]}